
Microsoft Visual Studio Solution File, Format Version 12.00
# Visual Studio 2013
VisualStudioVersion = 12.0.31101.0
MinimumVisualStudioVersion = 10.0.40219.1
Project("{FAE04EC0-301F-11D3-BF4B-00C04F79EFBC}") = "Projeto.Entity", "Projeto.Entity\Projeto.Entity.csproj", "{EFB10674-D0ED-447D-B325-D8D06B4294DD}"
EndProject
Project("{FAE04EC0-301F-11D3-BF4B-00C04F79EFBC}") = "Projeto.DAL", "Projeto.DAL\Projeto.DAL.csproj", "{903C16B6-CF16-4E41-89CC-04CA90E21CF9}"
EndProject
Project("{FAE04EC0-301F-11D3-BF4B-00C04F79EFBC}") = "Projeto.Web", "Projeto.Web\Projeto.Web.csproj", "{2AF567BB-CE65-4EEE-952D-08C8BECF5CE6}"
EndProject
Global
	GlobalSection(SolutionConfigurationPlatforms) = preSolution
		Debug|Any CPU = Debug|Any CPU
		Release|Any CPU = Release|Any CPU
	EndGlobalSection
	GlobalSection(ProjectConfigurationPlatforms) = postSolution
		{EFB10674-D0ED-447D-B325-D8D06B4294DD}.Debug|Any CPU.ActiveCfg = Debug|Any CPU
		{EFB10674-D0ED-447D-B325-D8D06B4294DD}.Debug|Any CPU.Build.0 = Debug|Any CPU
		{EFB10674-D0ED-447D-B325-D8D06B4294DD}.Release|Any CPU.ActiveCfg = Release|Any CPU
		{EFB10674-D0ED-447D-B325-D8D06B4294DD}.Release|Any CPU.Build.0 = Release|Any CPU
		{903C16B6-CF16-4E41-89CC-04CA90E21CF9}.Debug|Any CPU.ActiveCfg = Debug|Any CPU
		{903C16B6-CF16-4E41-89CC-04CA90E21CF9}.Debug|Any CPU.Build.0 = Debug|Any CPU
		{903C16B6-CF16-4E41-89CC-04CA90E21CF9}.Release|Any CPU.ActiveCfg = Release|Any CPU
		{903C16B6-CF16-4E41-89CC-04CA90E21CF9}.Release|Any CPU.Build.0 = Release|Any CPU
		{2AF567BB-CE65-4EEE-952D-08C8BECF5CE6}.Debug|Any CPU.ActiveCfg = Debug|Any CPU
		{2AF567BB-CE65-4EEE-952D-08C8BECF5CE6}.Debug|Any CPU.Build.0 = Debug|Any CPU
		{2AF567BB-CE65-4EEE-952D-08C8BECF5CE6}.Release|Any CPU.ActiveCfg = Release|Any CPU
		{2AF567BB-CE65-4EEE-952D-08C8BECF5CE6}.Release|Any CPU.Build.0 = Release|Any CPU
	EndGlobalSection
	GlobalSection(SolutionProperties) = preSolution
		HideSolutionNode = FALSE
	EndGlobalSection
EndGlobal
